{
  "name": "sqe-finalproject2",
  "version": "1.0.0",
  "lockfileVersion": 3,
  "requires": true,
  "packages": {
    "": {
      "name": "sqe-finalproject2",
      "version": "1.0.0",
      "license": "ISC",
      "devDependencies": {
        "@eslint/js": "...",
        "eslint": "...",
        "globals": "...",
        "jest": "..."
      }
    },
    "...": {
      "dev": true
    },
    "node_modules/@eslint/js": {
      "resolved": "...",
      "link": true
    },
    "node_modules/eslint": {
      "resolved": "...",
      "link": true
    },
    "node_modules/globals": {
      "resolved": "...",
      "link": true
    },
    "node_modules/jest": {
      "resolved": "...",
      "link": true
    }
  }
}
